// !$*UTF8*$!
{
	archiveVersion = 1;
	classes = {
	};
	objectVersion = 46;
	objects = {

/* Begin PBXBuildFile section */
		5CCBEB2E1A119E0200E21CD0 /* main.m in Sources */ = {isa = PBXBuildFile; fileRef = 5CCBEB2D1A119E0200E21CD0 /* main.m */; };
		5CCBEB311A119E0200E21CD0 /* AppDelegate.m in Sources */ = {isa = PBXBuildFile; fileRef = 5CCBEB301A119E0200E21CD0 /* AppDelegate.m */; };
		5CCBEB341A119E0200E21CD0 /* ViewController.m in Sources */ = {isa = PBXBuildFile; fileRef = 5CCBEB331A119E0200E21CD0 /* ViewController.m */; };
		5CCBEB371A119E0200E21CD0 /* Main.storyboard in Resources */ = {isa = PBXBuildFile; fileRef = 5CCBEB351A119E0200E21CD0 /* Main.storyboard */; };
		5CCBEB391A119E0200E21CD0 /* Images.xcassets in Resources */ = {isa = PBXBuildFile; fileRef = 5CCBEB381A119E0200E21CD0 /* Images.xcassets */; };
		5CCBEB3C1A119E0200E21CD0 /* LaunchScreen.xib in Resources */ = {isa = PBXBuildFile; fileRef = 5CCBEB3A1A119E0200E21CD0 /* LaunchScreen.xib */; };
		5CCBEB481A119E0200E21CD0 /* SimpleQuizGameTests.m in Sources */ = {isa = PBXBuildFile; fileRef = 5CCBEB471A119E0200E21CD0 /* SimpleQuizGameTests.m */; };
/* End PBXBuildFile section */

/* Begin PBXContainerItemProxy section */
		5CCBEB421A119E0200E21CD0 /* PBXContainerItemProxy */ = {
			isa = PBXContainerItemProxy;
			containerPortal = 5CCBEB201A119E0200E21CD0 /* Project object */;
			proxyType = 1;
			remoteGlobalIDString = 5CCBEB271A119E0200E21CD0;
			remoteInfo = SimpleQuizGame;
		};
/* End PBXContainerItemProxy section */

/* Begin PBXFileReference section */
		5CCBEB281A119E0200E21CD0 /* SimpleQuizGame.app */ = {isa = PBXFileReference; explicitFileType = wrapper.application; includeInIndex = 0; path = SimpleQuizGame.app; sourceTree = BUILT_PRODUCTS_DIR; };
		5CCBEB2C1A119E0200E21CD0 /* Info.plist */ = {isa = PBXFileReference; lastKnownFileType = text.plist.xml; path = Info.plist; sourceTree = "<group>"; };
		5CCBEB2D1A119E0200E21CD0 /* main.m */ = {isa = PBXFileReference; lastKnownFileType = sourcecode.c.objc; path = main.m; sourceTree = "<group>"; };
		5CCBEB2F1A119E0200E21CD0 /* AppDelegate.h */ = {isa = PBXFileReference; lastKnownFileType = sourcecode.c.h; path = AppDelegate.h; sourceTree = "<group>"; };
		5CCBEB301A119E0200E21CD0 /* AppDelegate.m */ = {isa = PBXFileReference; lastKnownFileType = sourcecode.c.objc; path = AppDelegate.m; sourceTree = "<group>"; };
		5CCBEB321A119E0200E21CD0 /* ViewController.h */ = {isa = PBXFileReference; lastKnownFileType = sourcecode.c.h; path = ViewController.h; sourceTree = "<group>"; };
		5CCBEB331A119E0200E21CD0 /* ViewController.m */ = {isa = PBXFileReference; lastKnownFileType = sourcecode.c.objc; path = ViewController.m; sourceTree = "<group>"; };
		5CCBEB361A119E0200E21CD0 /* Base */ = {isa = PBXFileReference; lastKnownFileType = file.storyboard; name = Base; path = Base.lproj/Main.storyboard; sourceTree = "<group>"; };
		5CCBEB381A119E0200E21CD0 /* Images.xcassets */ = {isa = PBXFileReference; lastKnownFileType = folder.assetcatalog; path = Images.xcassets; sourceTree = "<group>"; };
		5CCBEB3B1A119E0200E21CD0 /* Base */ = {isa = PBXFileReference; lastKnownFileType = file.xib; name = Base; path = Base.lproj/LaunchScreen.xib; sourceTree = "<group>"; };
		5CCBEB411A119E0200E21CD0 /* SimpleQuizGameTests.xctest */ = {isa = PBXFileReference; explicitFileType = wrapper.cfbundle; includeInIndex = 0; path = SimpleQuizGameTests.xctest; sourceTree = BUILT_PRODUCTS_DIR; };
		5CCBEB461A119E0200E21CD0 /* Info.plist */ = {isa = PBXFileReference; lastKnownFileType = text.plist.xml; path = Info.plist; sourceTree = "<group>"; };
		5CCBEB471A119E0200E21CD0 /* SimpleQuizGameTests.m */ = {isa = PBXFileReference; lastKnownFileType = sourcecode.c.objc; path = SimpleQuizGameTests.m; sourceTree = "<group>"; };
/* End PBXFileReference section */

/* Begin PBXFrameworksBuildPhase section */
		5CCBEB251A119E0200E21CD0 /* Frameworks */ = {
			isa = PBXFrameworksBuildPhase;
			buildActionMask = 2147483647;
			files = (
			);
			runOnlyForDeploymentPostprocessing = 0;
		};
		5CCBEB3E1A119E0200E21CD0 /* Frameworks */ = {
			isa = PBXFrameworksBuildPhase;
			buildActionMask = 2147483647;
			files = (
			);
			runOnlyForDeploymentPostprocessing = 0;
		};
/* End PBXFrameworksBuildPhase section */

/* Begin PBXGroup section */
		5CCBEB1F1A119E0200E21CD0 = {
			isa = PBXGroup;
			children = (
				5CCBEB2A1A119E0200E21CD0 /* SimpleQuizGame */,
				5CCBEB441A119E0200E21CD0 /* SimpleQuizGameTests */,
				5CCBEB291A119E0200E21CD0 /* Products */,
			);
			sourceTree = "<group>";
		};
		5CCBEB291A119E0200E21CD0 /* Products */ = {
			isa = PBXGroup;
			children = (
				5CCBEB281A119E0200E21CD0 /* SimpleQuizGame.app */,
				5CCBEB411A119E0200E21CD0 /* SimpleQuizGameTests.xctest */,
			);
			name = Products;
			sourceTree = "<group>";
		};
		5CCBEB2A1A119E0200E21CD0 /* SimpleQuizGame */ = {
			isa = PBXGroup;
			children = (
				5CCBEB2F1A119E0200E21CD0 /* AppDelegate.h */,
				5CCBEB301A119E0200E21CD0 /* AppDelegate.m */,
				5CCBEB321A119E0200E21CD0 /* ViewController.h */,
				5CCBEB331A119E0200E21CD0 /* ViewController.m */,
				5CCBEB351A119E0200E21CD0 /* Main.storyboard */,
				5CCBEB381A119E0200E21CD0 /* Images.xcassets */,
				5CCBEB3A1A119E0200E21CD0 /* LaunchScreen.xib */,
				5CCBEB2B1A119E0200E21CD0 /* Supporting Files */,
			);
			path = SimpleQuizGame;
			sourceTree = "<group>";
		};
		5CCBEB2B1A119E0200E21CD0 /* Supporting Files */ = {
			isa = PBXGroup;
			children = (
				5CCBEB2C1A119E0200E21CD0 /* Info.plist */,
				5CCBEB2D1A119E0200E21CD0 /* main.m */,
			);
			name = "Supporting Files";
			sourceTree = "<group>";
		};
		5CCBEB441A119E0200E21CD0 /* SimpleQuizGameTests */ = {
			isa = PBXGroup;
			children = (
				5CCBEB471A119E0200E21CD0 /* SimpleQuizGameTests.m */,
				5CCBEB451A119E0200E21CD0 /* Supporting Files */,
			);
			path = SimpleQuizGameTests;
			sourceTree = "<group>";
		};
		5CCBEB451A119E0200E21CD0 /* Supporting Files */ = {
			isa = PBXGroup;
			children = (
				5CCBEB461A119E0200E21CD0 /* Info.plist */,
			);
			name = "Supporting Files";
			sourceTree = "<group>";
		};
/* End PBXGroup section */

/* Begin PBXNativeTarget section */
		5CCBEB271A119E0200E21CD0 /* SimpleQuizGame */ = {
			isa = PBXNativeTarget;
			buildConfigurationList = 5CCBEB4B1A119E0200E21CD0 /* Build configuration list for PBXNativeTarget "SimpleQuizGame" */;
			buildPhases = (
				5CCBEB241A119E0200E21CD0 /* Sources */,
				5CCBEB251A119E0200E21CD0 /* Frameworks */,
				5CCBEB261A119E0200E21CD0 /* Resources */,
			);
			buildRules = (
			);
			dependencies = (
			);
			name = SimpleQuizGame;
			productName = SimpleQuizGame;
			productReference = 5CCBEB281A119E0200E21CD0 /* SimpleQuizGame.app */;
			productType = "com.apple.product-type.application";
		};
		5CCBEB401A119E0200E21CD0 /* SimpleQuizGameTests */ = {
			isa = PBXNativeTarget;
			buildConfigurationList = 5CCBEB4E1A119E0200E21CD0 /* Build configuration list for PBXNativeTarget "SimpleQuizGameTests" */;
			buildPhases = (
				5CCBEB3D1A119E0200E21CD0 /* Sources */,
				5CCBEB3E1A119E0200E21CD0 /* Frameworks */,
				5CCBEB3F1A119E0200E21CD0 /* Resources */,
			);
			buildRules = (
			);
			dependencies = (
				5CCBEB431A119E0200E21CD0 /* PBXTargetDependency */,
			);
			name = SimpleQuizGameTests;
			productName = SimpleQuizGameTests;
			productReference = 5CCBEB411A119E0200E21CD0 /* SimpleQuizGameTests.xctest */;
			productType = "com.apple.product-type.bundle.unit-test";
		};
/* End PBXNativeTarget section */

/* Begin PBXProject section */
		5CCBEB201A119E0200E21CD0 /* Project object */ = {
			isa = PBXProject;
			attributes = {
				LastUpgradeCheck = 0610;
				ORGANIZATIONNAME = "Matthew Piccolella";
				TargetAttributes = {
					5CCBEB271A119E0200E21CD0 = {
						CreatedOnToolsVersion = 6.1;
					};
					5CCBEB401A119E0200E21CD0 = {
						CreatedOnToolsVersion = 6.1;
						TestTargetID = 5CCBEB271A119E0200E21CD0;
					};
				};
			};
			buildConfigurationList = 5CCBEB231A119E0200E21CD0 /* Build configuration list for PBXProject "SimpleQuizGame" */;
			compatibilityVersion = "Xcode 3.2";
			developmentRegion = English;
			hasScannedForEncodings = 0;
			knownRegions = (
				en,
				Base,
			);
			mainGroup = 5CCBEB1F1A119E0200E21CD0;
			productRefGroup = 5CCBEB291A119E0200E21CD0 /* Products */;
			projectDirPath = "";
			projectRoot = "";
			targets = (
				5CCBEB271A119E0200E21CD0 /* SimpleQuizGame */,
				5CCBEB401A119E0200E21CD0 /* SimpleQuizGameTests */,
			);
		};
/* End PBXProject section */

/* Begin PBXResourcesBuildPhase section */
		5CCBEB261A119E0200E21CD0 /* Resources */ = {
			isa = PBXResourcesBuildPhase;
			buildActionMask = 2147483647;
			files = (
				5CCBEB371A119E0200E21CD0 /* Main.storyboard in Resources */,
				5CCBEB3C1A119E0200E21CD0 /* LaunchScreen.xib in Resources */,
				5CCBEB391A119E0200E21CD0 /* Images.xcassets in Resources */,
			);
			runOnlyForDeploymentPostprocessing = 0;
		};
		5CCBEB3F1A119E0200E21CD0 /* Resources */ = {
			isa = PBXResourcesBuildPhase;
			buildActionMask = 2147483647;
			files = (
			);
			runOnlyForDeploymentPostprocessing = 0;
		};
/* End PBXResourcesBuildPhase section */

/* Begin PBXSourcesBuildPhase section */
		5CCBEB241A119E0200E21CD0 /* Sources */ = {
			isa = PBXSourcesBuildPhase;
			buildActionMask = 2147483647;
			files = (
				5CCBEB341A119E0200E21CD0 /* ViewController.m in Sources */,
				5CCBEB311A119E0200E21CD0 /* AppDelegate.m in Sources */,
				5CCBEB2E1A119E0200E21CD0 /* main.m in Sources */,
			);
			runOnlyForDeploymentPostprocessing = 0;
		};
		5CCBEB3D1A119E0200E21CD0 /* Sources */ = {
			isa = PBXSourcesBuildPhase;
			buildActionMask = 2147483647;
			files = (
				5CCBEB481A119E0200E21CD0 /* SimpleQuizGameTests.m in Sources */,
			);
			runOnlyForDeploymentPostprocessing = 0;
		};
/* End PBXSourcesBuildPhase section */

/* Begin PBXTargetDependency section */
		5CCBEB431A119E0200E21CD0 /* PBXTargetDependency */ = {
			isa = PBXTargetDependency;
			target = 5CCBEB271A119E0200E21CD0 /* SimpleQuizGame */;
			targetProxy = 5CCBEB421A119E0200E21CD0 /* PBXContainerItemProxy */;
		};
/* End PBXTargetDependency section */

/* Begin PBXVariantGroup section */
		5CCBEB351A119E0200E21CD0 /* Main.storyboard */ = {
			isa = PBXVariantGroup;
			children = (
				5CCBEB361A119E0200E21CD0 /* Base */,
			);
			name = Main.storyboard;
			sourceTree = "<group>";
		};
		5CCBEB3A1A119E0200E21CD0 /* LaunchScreen.xib */ = {
			isa = PBXVariantGroup;
			children = (
				5CCBEB3B1A119E0200E21CD0 /* Base */,
			);
			name = LaunchScreen.xib;
			sourceTree = "<group>";
		};
/* End PBXVariantGroup section */

/* Begin XCBuildConfiguration section */
		5CCBEB491A119E0200E21CD0 /* Debug */ = {
			isa = XCBuildConfiguration;
			buildSettings = {
				ALWAYS_SEARCH_USER_PATHS = NO;
				CLANG_CXX_LANGUAGE_STANDARD = "gnu++0x";
				CLANG_CXX_LIBRARY = "libc++";
				CLANG_ENABLE_MODULES = YES;
				CLANG_ENABLE_OBJC_ARC = YES;
				CLANG_WARN_BOOL_CONVERSION = YES;
				CLANG_WARN_CONSTANT_CONVERSION = YES;
				CLANG_WARN_DIRECT_OBJC_ISA_USAGE = YES_ERROR;
				CLANG_WARN_EMPTY_BODY = YES;
				CLANG_WARN_ENUM_CONVERSION = YES;
				CLANG_WARN_INT_CONVERSION = YES;
				CLANG_WARN_OBJC_ROOT_CLASS = YES_ERROR;
				CLANG_WARN_UNREACHABLE_CODE = YES;
				CLANG_WARN__DUPLICATE_METHOD_MATCH = YES;
				"CODE_SIGN_IDENTITY[sdk=iphoneos*]" = "iPhone Developer";
				COPY_PHASE_STRIP = NO;
				ENABLE_STRICT_OBJC_MSGSEND = YES;
				GCC_C_LANGUAGE_STANDARD = gnu99;
				GCC_DYNAMIC_NO_PIC = NO;
				GCC_OPTIMIZATION_LEVEL = 0;
				GCC_PREPROCESSOR_DEFINITIONS = (
					"DEBUG=1",
					"$(inherited)",
				);
				GCC_SYMBOLS_PRIVATE_EXTERN = NO;
				GCC_WARN_64_TO_32_BIT_CONVERSION = YES;
				GCC_WARN_ABOUT_RETURN_TYPE = YES_ERROR;
				GCC_WARN_UNDECLARED_SELECTOR = YES;
				GCC_WARN_UNINITIALIZED_AUTOS = YES_AGGRESSIVE;
				GCC_WARN_UNUSED_FUNCTION = YES;
				GCC_WARN_UNUSED_VARIABLE = YES;
				IPHONEOS_DEPLOYMENT_TARGET = 8.1;
				MTL_ENABLE_DEBUG_INFO = YES;
				ONLY_ACTIVE_ARCH = YES;
				SDKROOT = iphoneos;
			};
			name = Debug;
		};
		5CCBEB4A1A119E0200E21CD0 /* Release */ = {
			isa = XCBuildConfiguration;
			buildSettings = {
				ALWAYS_SEARCH_USER_PATHS = NO;
				CLANG_CXX_LANGUAGE_STANDARD = "gnu++0x";
				CLANG_CXX_LIBRARY = "libc++";
				CLANG_ENABLE_MODULES = YES;
				CLANG_ENABLE_OBJC_ARC = YES;
				CLANG_WARN_BOOL_CONVERSION = YES;
				CLANG_WARN_CONSTANT_CONVERSION = YES;
				CLANG_WARN_DIRECT_OBJC_ISA_USAGE = YES_ERROR;
				CLANG_WARN_EMPTY_BODY = YES;
				CLANG_WARN_ENUM_CONVERSION = YES;
				CLANG_WARN_INT_CONVERSION = YES;
				CLANG_WARN_OBJC_ROOT_CLASS = YES_ERROR;
				CLANG_WARN_UNREACHABLE_CODE = YES;
				CLANG_WARN__DUPLICATE_METHOD_MATCH = YES;
				"CODE_SIGN_IDENTITY[sdk=iphoneos*]" = "iPhone Developer";
				COPY_PHASE_STRIP = YES;
				ENABLE_NS_ASSERTIONS = NO;
				ENABLE_STRICT_OBJC_MSGSEND = YES;
				GCC_C_LANGUAGE_STANDARD = gnu99;
				GCC_WARN_64_TO_32_BIT_CONVERSION = YES;
				GCC_WARN_ABOUT_RETURN_TYPE = YES_ERROR;
				GCC_WARN_UNDECLARED_SELECTOR = YES;
				GCC_WARN_UNINITIALIZED_AUTOS = YES_AGGRESSIVE;
				GCC_WARN_UNUSED_FUNCTION = YES;
				GCC_WARN_UNUSED_VARIABLE = YES;
				IPHONEOS_DEPLOYMENT_TARGET = 8.1;
				MTL_ENABLE_DEBUG_INFO = NO;
				SDKROOT = iphoneos;
				VALIDATE_PRODUCT = YES;
			};
			name = Release;
		};
		5CCBEB4C1A119E0200E21CD0 /* Debug */ = {
			isa = XCBuildConfiguration;
			buildSettings = {
				ASSETCATALOG_COMPILER_APPICON_NAME = AppIcon;
				INFOPLIST_FILE = SimpleQuizGame/Info.plist;
				LD_RUNPATH_SEARCH_PATHS = "$(inherited) @executable_path/Frameworks";
				PRODUCT_NAME = "$(TARGET_NAME)";
			};
			name = Debug;
		};
		5CCBEB4D1A119E0200E21CD0 /* Release */ = {
			isa = XCBuildConfiguration;
			buildSettings = {
				ASSETCATALOG_COMPILER_APPICON_NAME = AppIcon;
				INFOPLIST_FILE = SimpleQuizGame/Info.plist;
				LD_RUNPATH_SEARCH_PATHS = "$(inherited) @executable_path/Frameworks";
				PRODUCT_NAME = "$(TARGET_NAME)";
			};
			name = Release;
		};
		5CCBEB4F1A119E0200E21CD0 /* Debug */ = {
			isa = XCBuildConfiguration;
			buildSettings = {
				BUNDLE_LOADER = "$(TEST_HOST)";
				FRAMEWORK_SEARCH_PATHS = (
					"$(SDKROOT)/Developer/Library/Frameworks",
					"$(inherited)",
				);
				GCC_PREPROCESSOR_DEFINITIONS = (
					"DEBUG=1",
					"$(inherited)",
				);
				INFOPLIST_FILE = SimpleQuizGameTests/Info.plist;
				LD_RUNPATH_SEARCH_PATHS = "$(inherited) @executable_path/Frameworks @loader_path/Frameworks";
				PRODUCT_NAME = "$(TARGET_NAME)";
				TEST_HOST = "$(BUILT_PRODUCTS_DIR)/SimpleQuizGame.app/SimpleQuizGame";
			};
			name = Debug;
		};
		5CCBEB501A119E0200E21CD0 /* Release */ = {
			isa = XCBuildConfiguration;
			buildSettings = {
				BUNDLE_LOADER = "$(TEST_HOST)";
				FRAMEWORK_SEARCH_PATHS = (
					"$(SDKROOT)/Developer/Library/Frameworks",
					"$(inherited)",
				);
				INFOPLIST_FILE = SimpleQuizGameTests/Info.plist;
				LD_RUNPATH_SEARCH_PATHS = "$(inherited) @executable_path/Frameworks @loader_path/Frameworks";
				PRODUCT_NAME = "$(TARGET_NAME)";
				TEST_HOST = "$(BUILT_PRODUCTS_DIR)/SimpleQuizGame.app/SimpleQuizGame";
			};
			name = Release;
		};
/* End XCBuildConfiguration section */

/* Begin XCConfigurationList section */
		5CCBEB231A119E0200E21CD0 /* Build configuration list for PBXProject "SimpleQuizGame" */ = {
			isa = XCConfigurationList;
			buildConfigurations = (
				5CCBEB491A119E0200E21CD0 /* Debug */,
				5CCBEB4A1A119E0200E21CD0 /* Release */,
			);
			defaultConfigurationIsVisible = 0;
			defaultConfigurationName = Release;
		};
		5CCBEB4B1A119E0200E21CD0 /* Build configuration list for PBXNativeTarget "SimpleQuizGame" */ = {
			isa = XCConfigurationList;
			buildConfigurations = (
				5CCBEB4C1A119E0200E21CD0 /* Debug */,
				5CCBEB4D1A119E0200E21CD0 /* Release */,
			);
			defaultConfigurationIsVisible = 0;
		};
		5CCBEB4E1A119E0200E21CD0 /* Build configuration list for PBXNativeTarget "SimpleQuizGameTests" */ = {
			isa = XCConfigurationList;
			buildConfigurations = (
				5CCBEB4F1A119E0200E21CD0 /* Debug */,
				5CCBEB501A119E0200E21CD0 /* Release */,
			);
			defaultConfigurationIsVisible = 0;
		};
/* End XCConfigurationList section */
	};
	rootObject = 5CCBEB201A119E0200E21CD0 /* Project object */;
}
